
Microsoft Visual Studio Solution File, Format Version 12.00
# Visual Studio 14
VisualStudioVersion = 14.0.25420.1
MinimumVisualStudioVersion = 10.0.40219.1
Project("{8BC9CEB8-8B4A-11D0-8D11-00A0C91BC942}") = "Visualization", "Visualization\Visualization.vcxproj", "{DD1012E1-DFFD-4F39-8321-552F9A3AA25E}"
EndProject
Project("{2150E333-8FDC-42A3-9474-1A3956D46DE8}") = "Solution Items", "Solution Items", "{85B64E15-A646-4807-9F58-C2DB807B5A5F}"
	ProjectSection(SolutionItems) = preProject
		Visualization\glm.natvis = Visualization\glm.natvis
	EndProjectSection
EndProject
Global
	GlobalSection(SolutionConfigurationPlatforms) = preSolution
		Debug|x64 = Debug|x64
		Debug|x86 = Debug|x86
		Release|x64 = Release|x64
		Release|x86 = Release|x86
	EndGlobalSection
	GlobalSection(ProjectConfigurationPlatforms) = postSolution
		{DD1012E1-DFFD-4F39-8321-552F9A3AA25E}.Debug|x64.ActiveCfg = Debug|x64
		{DD1012E1-DFFD-4F39-8321-552F9A3AA25E}.Debug|x64.Build.0 = Debug|x64
		{DD1012E1-DFFD-4F39-8321-552F9A3AA25E}.Debug|x86.ActiveCfg = Debug|Win32
		{DD1012E1-DFFD-4F39-8321-552F9A3AA25E}.Debug|x86.Build.0 = Debug|Win32
		{DD1012E1-DFFD-4F39-8321-552F9A3AA25E}.Release|x64.ActiveCfg = Release|x64
		{DD1012E1-DFFD-4F39-8321-552F9A3AA25E}.Release|x64.Build.0 = Release|x64
		{DD1012E1-DFFD-4F39-8321-552F9A3AA25E}.Release|x86.ActiveCfg = Release|Win32
		{DD1012E1-DFFD-4F39-8321-552F9A3AA25E}.Release|x86.Build.0 = Release|Win32
	EndGlobalSection
	GlobalSection(SolutionProperties) = preSolution
		HideSolutionNode = FALSE
	EndGlobalSection
EndGlobal
